// !$*UTF8*$!
{
	archiveVersion = 1;
	classes = {
	};
	objectVersion = 50;
	objects = {

/* Begin PBXBuildFile section */
		1744208120AC456C00BF12C1 /* AppDelegate.swift in Sources */ = {isa = PBXBuildFile; fileRef = 1744208020AC456C00BF12C1 /* AppDelegate.swift */; };
		1744208620AC456C00BF12C1 /* Main.storyboard in Resources */ = {isa = PBXBuildFile; fileRef = 1744208420AC456C00BF12C1 /* Main.storyboard */; };
		1744208820AC456E00BF12C1 /* Assets.xcassets in Resources */ = {isa = PBXBuildFile; fileRef = 1744208720AC456E00BF12C1 /* Assets.xcassets */; };
		1744208B20AC456E00BF12C1 /* LaunchScreen.storyboard in Resources */ = {isa = PBXBuildFile; fileRef = 1744208920AC456E00BF12C1 /* LaunchScreen.storyboard */; };
		1744209320AC488600BF12C1 /* TableauController.swift in Sources */ = {isa = PBXBuildFile; fileRef = 1744209220AC488600BF12C1 /* TableauController.swift */; };
		175136F720AE0C3800648191 /* VideoController.swift in Sources */ = {isa = PBXBuildFile; fileRef = 175136F620AE0C3800648191 /* VideoController.swift */; };
		17C407EC20ACC3B900BE39D1 /* Chanson.swift in Sources */ = {isa = PBXBuildFile; fileRef = 17C407EB20ACC3B900BE39D1 /* Chanson.swift */; };
		17C407EE20ACD11900BE39D1 /* ChansonCell.swift in Sources */ = {isa = PBXBuildFile; fileRef = 17C407ED20ACD11800BE39D1 /* ChansonCell.swift */; };
/* End PBXBuildFile section */

/* Begin PBXFileReference section */
		1744207D20AC456C00BF12C1 /* Lecteur-Youtube.app */ = {isa = PBXFileReference; explicitFileType = wrapper.application; includeInIndex = 0; path = "Lecteur-Youtube.app"; sourceTree = BUILT_PRODUCTS_DIR; };
		1744208020AC456C00BF12C1 /* AppDelegate.swift */ = {isa = PBXFileReference; lastKnownFileType = sourcecode.swift; path = AppDelegate.swift; sourceTree = "<group>"; };
		1744208520AC456C00BF12C1 /* Base */ = {isa = PBXFileReference; lastKnownFileType = file.storyboard; name = Base; path = Base.lproj/Main.storyboard; sourceTree = "<group>"; };
		1744208720AC456E00BF12C1 /* Assets.xcassets */ = {isa = PBXFileReference; lastKnownFileType = folder.assetcatalog; path = Assets.xcassets; sourceTree = "<group>"; };
		1744208A20AC456E00BF12C1 /* Base */ = {isa = PBXFileReference; lastKnownFileType = file.storyboard; name = Base; path = Base.lproj/LaunchScreen.storyboard; sourceTree = "<group>"; };
		1744208C20AC456E00BF12C1 /* Info.plist */ = {isa = PBXFileReference; lastKnownFileType = text.plist.xml; path = Info.plist; sourceTree = "<group>"; };
		1744209220AC488600BF12C1 /* TableauController.swift */ = {isa = PBXFileReference; lastKnownFileType = sourcecode.swift; path = TableauController.swift; sourceTree = "<group>"; };
		175136F620AE0C3800648191 /* VideoController.swift */ = {isa = PBXFileReference; lastKnownFileType = sourcecode.swift; path = VideoController.swift; sourceTree = "<group>"; };
		17C407EB20ACC3B900BE39D1 /* Chanson.swift */ = {isa = PBXFileReference; lastKnownFileType = sourcecode.swift; path = Chanson.swift; sourceTree = "<group>"; };
		17C407ED20ACD11800BE39D1 /* ChansonCell.swift */ = {isa = PBXFileReference; lastKnownFileType = sourcecode.swift; path = ChansonCell.swift; sourceTree = "<group>"; };
/* End PBXFileReference section */

/* Begin PBXFrameworksBuildPhase section */
		1744207A20AC456B00BF12C1 /* Frameworks */ = {
			isa = PBXFrameworksBuildPhase;
			buildActionMask = 2147483647;
			files = (
			);
			runOnlyForDeploymentPostprocessing = 0;
		};
/* End PBXFrameworksBuildPhase section */

/* Begin PBXGroup section */
		1744207420AC456B00BF12C1 = {
			isa = PBXGroup;
			children = (
				1744207F20AC456C00BF12C1 /* Lecteur-Youtube */,
				1744207E20AC456C00BF12C1 /* Products */,
			);
			sourceTree = "<group>";
		};
		1744207E20AC456C00BF12C1 /* Products */ = {
			isa = PBXGroup;
			children = (
				1744207D20AC456C00BF12C1 /* Lecteur-Youtube.app */,
			);
			name = Products;
			sourceTree = "<group>";
		};
		1744207F20AC456C00BF12C1 /* Lecteur-Youtube */ = {
			isa = PBXGroup;
			children = (
				1744208020AC456C00BF12C1 /* AppDelegate.swift */,
				1744208420AC456C00BF12C1 /* Main.storyboard */,
				1744208720AC456E00BF12C1 /* Assets.xcassets */,
				1744208920AC456E00BF12C1 /* LaunchScreen.storyboard */,
				1744208C20AC456E00BF12C1 /* Info.plist */,
				1744209220AC488600BF12C1 /* TableauController.swift */,
				17C407EB20ACC3B900BE39D1 /* Chanson.swift */,
				17C407ED20ACD11800BE39D1 /* ChansonCell.swift */,
				175136F620AE0C3800648191 /* VideoController.swift */,
			);
			path = "Lecteur-Youtube";
			sourceTree = "<group>";
		};
/* End PBXGroup section */

/* Begin PBXNativeTarget section */
		1744207C20AC456B00BF12C1 /* Lecteur-Youtube */ = {
			isa = PBXNativeTarget;
			buildConfigurationList = 1744208F20AC456E00BF12C1 /* Build configuration list for PBXNativeTarget "Lecteur-Youtube" */;
			buildPhases = (
				1744207920AC456B00BF12C1 /* Sources */,
				1744207A20AC456B00BF12C1 /* Frameworks */,
				1744207B20AC456B00BF12C1 /* Resources */,
			);
			buildRules = (
			);
			dependencies = (
			);
			name = "Lecteur-Youtube";
			productName = "Lecteur-Youtube";
			productReference = 1744207D20AC456C00BF12C1 /* Lecteur-Youtube.app */;
			productType = "com.apple.product-type.application";
		};
/* End PBXNativeTarget section */

/* Begin PBXProject section */
		1744207520AC456B00BF12C1 /* Project object */ = {
			isa = PBXProject;
			attributes = {
				LastSwiftUpdateCheck = 0930;
				LastUpgradeCheck = 0930;
				ORGANIZATIONNAME = "Benoît Goossens";
				TargetAttributes = {
					1744207C20AC456B00BF12C1 = {
						CreatedOnToolsVersion = 9.3.1;
					};
				};
			};
			buildConfigurationList = 1744207820AC456B00BF12C1 /* Build configuration list for PBXProject "Lecteur-Youtube" */;
			compatibilityVersion = "Xcode 9.3";
			developmentRegion = en;
			hasScannedForEncodings = 0;
			knownRegions = (
				en,
				Base,
			);
			mainGroup = 1744207420AC456B00BF12C1;
			productRefGroup = 1744207E20AC456C00BF12C1 /* Products */;
			projectDirPath = "";
			projectRoot = "";
			targets = (
				1744207C20AC456B00BF12C1 /* Lecteur-Youtube */,
			);
		};
/* End PBXProject section */

/* Begin PBXResourcesBuildPhase section */
		1744207B20AC456B00BF12C1 /* Resources */ = {
			isa = PBXResourcesBuildPhase;
			buildActionMask = 2147483647;
			files = (
				1744208B20AC456E00BF12C1 /* LaunchScreen.storyboard in Resources */,
				1744208820AC456E00BF12C1 /* Assets.xcassets in Resources */,
				1744208620AC456C00BF12C1 /* Main.storyboard in Resources */,
			);
			runOnlyForDeploymentPostprocessing = 0;
		};
/* End PBXResourcesBuildPhase section */

/* Begin PBXSourcesBuildPhase section */
		1744207920AC456B00BF12C1 /* Sources */ = {
			isa = PBXSourcesBuildPhase;
			buildActionMask = 2147483647;
			files = (
				175136F720AE0C3800648191 /* VideoController.swift in Sources */,
				1744208120AC456C00BF12C1 /* AppDelegate.swift in Sources */,
				17C407EC20ACC3B900BE39D1 /* Chanson.swift in Sources */,
				17C407EE20ACD11900BE39D1 /* ChansonCell.swift in Sources */,
				1744209320AC488600BF12C1 /* TableauController.swift in Sources */,
			);
			runOnlyForDeploymentPostprocessing = 0;
		};
/* End PBXSourcesBuildPhase section */

/* Begin PBXVariantGroup section */
		1744208420AC456C00BF12C1 /* Main.storyboard */ = {
			isa = PBXVariantGroup;
			children = (
				1744208520AC456C00BF12C1 /* Base */,
			);
			name = Main.storyboard;
			sourceTree = "<group>";
		};
		1744208920AC456E00BF12C1 /* LaunchScreen.storyboard */ = {
			isa = PBXVariantGroup;
			children = (
				1744208A20AC456E00BF12C1 /* Base */,
			);
			name = LaunchScreen.storyboard;
			sourceTree = "<group>";
		};
/* End PBXVariantGroup section */

/* Begin XCBuildConfiguration section */
		1744208D20AC456E00BF12C1 /* Debug */ = {
			isa = XCBuildConfiguration;
			buildSettings = {
				ALWAYS_SEARCH_USER_PATHS = NO;
				CLANG_ANALYZER_NONNULL = YES;
				CLANG_ANALYZER_NUMBER_OBJECT_CONVERSION = YES_AGGRESSIVE;
				CLANG_CXX_LANGUAGE_STANDARD = "gnu++14";
				CLANG_CXX_LIBRARY = "libc++";
				CLANG_ENABLE_MODULES = YES;
				CLANG_ENABLE_OBJC_ARC = YES;
				CLANG_ENABLE_OBJC_WEAK = YES;
				CLANG_WARN_BLOCK_CAPTURE_AUTORELEASING = YES;
				CLANG_WARN_BOOL_CONVERSION = YES;
				CLANG_WARN_COMMA = YES;
				CLANG_WARN_CONSTANT_CONVERSION = YES;
				CLANG_WARN_DEPRECATED_OBJC_IMPLEMENTATIONS = YES;
				CLANG_WARN_DIRECT_OBJC_ISA_USAGE = YES_ERROR;
				CLANG_WARN_DOCUMENTATION_COMMENTS = YES;
				CLANG_WARN_EMPTY_BODY = YES;
				CLANG_WARN_ENUM_CONVERSION = YES;
				CLANG_WARN_INFINITE_RECURSION = YES;
				CLANG_WARN_INT_CONVERSION = YES;
				CLANG_WARN_NON_LITERAL_NULL_CONVERSION = YES;
				CLANG_WARN_OBJC_IMPLICIT_RETAIN_SELF = YES;
				CLANG_WARN_OBJC_LITERAL_CONVERSION = YES;
				CLANG_WARN_OBJC_ROOT_CLASS = YES_ERROR;
				CLANG_WARN_RANGE_LOOP_ANALYSIS = YES;
				CLANG_WARN_STRICT_PROTOTYPES = YES;
				CLANG_WARN_SUSPICIOUS_MOVE = YES;
				CLANG_WARN_UNGUARDED_AVAILABILITY = YES_AGGRESSIVE;
				CLANG_WARN_UNREACHABLE_CODE = YES;
				CLANG_WARN__DUPLICATE_METHOD_MATCH = YES;
				CODE_SIGN_IDENTITY = "iPhone Developer";
				COPY_PHASE_STRIP = NO;
				DEBUG_INFORMATION_FORMAT = dwarf;
				ENABLE_STRICT_OBJC_MSGSEND = YES;
				ENABLE_TESTABILITY = YES;
				GCC_C_LANGUAGE_STANDARD = gnu11;
				GCC_DYNAMIC_NO_PIC = NO;
				GCC_NO_COMMON_BLOCKS = YES;
				GCC_OPTIMIZATION_LEVEL = 0;
				GCC_PREPROCESSOR_DEFINITIONS = (
					"DEBUG=1",
					"$(inherited)",
				);
				GCC_WARN_64_TO_32_BIT_CONVERSION = YES;
				GCC_WARN_ABOUT_RETURN_TYPE = YES_ERROR;
				GCC_WARN_UNDECLARED_SELECTOR = YES;
				GCC_WARN_UNINITIALIZED_AUTOS = YES_AGGRESSIVE;
				GCC_WARN_UNUSED_FUNCTION = YES;
				GCC_WARN_UNUSED_VARIABLE = YES;
				IPHONEOS_DEPLOYMENT_TARGET = 11.3;
				MTL_ENABLE_DEBUG_INFO = YES;
				ONLY_ACTIVE_ARCH = YES;
				SDKROOT = iphoneos;
				SWIFT_ACTIVE_COMPILATION_CONDITIONS = DEBUG;
				SWIFT_OPTIMIZATION_LEVEL = "-Onone";
			};
			name = Debug;
		};
		1744208E20AC456E00BF12C1 /* Release */ = {
			isa = XCBuildConfiguration;
			buildSettings = {
				ALWAYS_SEARCH_USER_PATHS = NO;
				CLANG_ANALYZER_NONNULL = YES;
				CLANG_ANALYZER_NUMBER_OBJECT_CONVERSION = YES_AGGRESSIVE;
				CLANG_CXX_LANGUAGE_STANDARD = "gnu++14";
				CLANG_CXX_LIBRARY = "libc++";
				CLANG_ENABLE_MODULES = YES;
				CLANG_ENABLE_OBJC_ARC = YES;
				CLANG_ENABLE_OBJC_WEAK = YES;
				CLANG_WARN_BLOCK_CAPTURE_AUTORELEASING = YES;
				CLANG_WARN_BOOL_CONVERSION = YES;
				CLANG_WARN_COMMA = YES;
				CLANG_WARN_CONSTANT_CONVERSION = YES;
				CLANG_WARN_DEPRECATED_OBJC_IMPLEMENTATIONS = YES;
				CLANG_WARN_DIRECT_OBJC_ISA_USAGE = YES_ERROR;
				CLANG_WARN_DOCUMENTATION_COMMENTS = YES;
				CLANG_WARN_EMPTY_BODY = YES;
				CLANG_WARN_ENUM_CONVERSION = YES;
				CLANG_WARN_INFINITE_RECURSION = YES;
				CLANG_WARN_INT_CONVERSION = YES;
				CLANG_WARN_NON_LITERAL_NULL_CONVERSION = YES;
				CLANG_WARN_OBJC_IMPLICIT_RETAIN_SELF = YES;
				CLANG_WARN_OBJC_LITERAL_CONVERSION = YES;
				CLANG_WARN_OBJC_ROOT_CLASS = YES_ERROR;
				CLANG_WARN_RANGE_LOOP_ANALYSIS = YES;
				CLANG_WARN_STRICT_PROTOTYPES = YES;
				CLANG_WARN_SUSPICIOUS_MOVE = YES;
				CLANG_WARN_UNGUARDED_AVAILABILITY = YES_AGGRESSIVE;
				CLANG_WARN_UNREACHABLE_CODE = YES;
				CLANG_WARN__DUPLICATE_METHOD_MATCH = YES;
				CODE_SIGN_IDENTITY = "iPhone Developer";
				COPY_PHASE_STRIP = NO;
				DEBUG_INFORMATION_FORMAT = "dwarf-with-dsym";
				ENABLE_NS_ASSERTIONS = NO;
				ENABLE_STRICT_OBJC_MSGSEND = YES;
				GCC_C_LANGUAGE_STANDARD = gnu11;
				GCC_NO_COMMON_BLOCKS = YES;
				GCC_WARN_64_TO_32_BIT_CONVERSION = YES;
				GCC_WARN_ABOUT_RETURN_TYPE = YES_ERROR;
				GCC_WARN_UNDECLARED_SELECTOR = YES;
				GCC_WARN_UNINITIALIZED_AUTOS = YES_AGGRESSIVE;
				GCC_WARN_UNUSED_FUNCTION = YES;
				GCC_WARN_UNUSED_VARIABLE = YES;
				IPHONEOS_DEPLOYMENT_TARGET = 11.3;
				MTL_ENABLE_DEBUG_INFO = NO;
				SDKROOT = iphoneos;
				SWIFT_COMPILATION_MODE = wholemodule;
				SWIFT_OPTIMIZATION_LEVEL = "-O";
				VALIDATE_PRODUCT = YES;
			};
			name = Release;
		};
		1744209020AC456E00BF12C1 /* Debug */ = {
			isa = XCBuildConfiguration;
			buildSettings = {
				ASSETCATALOG_COMPILER_APPICON_NAME = AppIcon;
				CODE_SIGN_STYLE = Automatic;
				INFOPLIST_FILE = "Lecteur-Youtube/Info.plist";
				LD_RUNPATH_SEARCH_PATHS = (
					"$(inherited)",
					"@executable_path/Frameworks",
				);
				PRODUCT_BUNDLE_IDENTIFIER = "Ben.Lecteur-Youtube";
				PRODUCT_NAME = "$(TARGET_NAME)";
				SWIFT_VERSION = 4.0;
				TARGETED_DEVICE_FAMILY = "1,2";
			};
			name = Debug;
		};
		1744209120AC456E00BF12C1 /* Release */ = {
			isa = XCBuildConfiguration;
			buildSettings = {
				ASSETCATALOG_COMPILER_APPICON_NAME = AppIcon;
				CODE_SIGN_STYLE = Automatic;
				INFOPLIST_FILE = "Lecteur-Youtube/Info.plist";
				LD_RUNPATH_SEARCH_PATHS = (
					"$(inherited)",
					"@executable_path/Frameworks",
				);
				PRODUCT_BUNDLE_IDENTIFIER = "Ben.Lecteur-Youtube";
				PRODUCT_NAME = "$(TARGET_NAME)";
				SWIFT_VERSION = 4.0;
				TARGETED_DEVICE_FAMILY = "1,2";
			};
			name = Release;
		};
/* End XCBuildConfiguration section */

/* Begin XCConfigurationList section */
		1744207820AC456B00BF12C1 /* Build configuration list for PBXProject "Lecteur-Youtube" */ = {
			isa = XCConfigurationList;
			buildConfigurations = (
				1744208D20AC456E00BF12C1 /* Debug */,
				1744208E20AC456E00BF12C1 /* Release */,
			);
			defaultConfigurationIsVisible = 0;
			defaultConfigurationName = Release;
		};
		1744208F20AC456E00BF12C1 /* Build configuration list for PBXNativeTarget "Lecteur-Youtube" */ = {
			isa = XCConfigurationList;
			buildConfigurations = (
				1744209020AC456E00BF12C1 /* Debug */,
				1744209120AC456E00BF12C1 /* Release */,
			);
			defaultConfigurationIsVisible = 0;
			defaultConfigurationName = Release;
		};
/* End XCConfigurationList section */
	};
	rootObject = 1744207520AC456B00BF12C1 /* Project object */;
}
